
Microsoft Visual Studio Solution File, Format Version 12.00
# Visual Studio 15
VisualStudioVersion = 15.0.28307.271
MinimumVisualStudioVersion = 10.0.40219.1
Project("{FAE04EC0-301F-11D3-BF4B-00C04F79EFBC}") = "C_sharp_Practice", "C_sharp_Practice\C_sharp_Practice.csproj", "{E4339A2E-527A-4ED5-A777-60F8ED06A0DE}"
EndProject
Global
	GlobalSection(SolutionConfigurationPlatforms) = preSolution
		Debug|Any CPU = Debug|Any CPU
		Release|Any CPU = Release|Any CPU
	EndGlobalSection
	GlobalSection(ProjectConfigurationPlatforms) = postSolution
		{E4339A2E-527A-4ED5-A777-60F8ED06A0DE}.Debug|Any CPU.ActiveCfg = Debug|Any CPU
		{E4339A2E-527A-4ED5-A777-60F8ED06A0DE}.Debug|Any CPU.Build.0 = Debug|Any CPU
		{E4339A2E-527A-4ED5-A777-60F8ED06A0DE}.Release|Any CPU.ActiveCfg = Release|Any CPU
		{E4339A2E-527A-4ED5-A777-60F8ED06A0DE}.Release|Any CPU.Build.0 = Release|Any CPU
	EndGlobalSection
	GlobalSection(SolutionProperties) = preSolution
		HideSolutionNode = FALSE
	EndGlobalSection
	GlobalSection(ExtensibilityGlobals) = postSolution
		SolutionGuid = {AEA05B5F-BC48-4B07-A8E3-75099F7AD54A}
	EndGlobalSection
EndGlobal
